
Microsoft Visual Studio Solution File, Format Version 12.00
# Visual Studio 15
VisualStudioVersion = 15.0.27130.2027
MinimumVisualStudioVersion = 10.0.40219.1
Project("{FAE04EC0-301F-11D3-BF4B-00C04F79EFBC}") = "TodoApi", "TodoApi\TodoApi.csproj", "{EC4F339F-6B1B-41BC-ADF0-09913C988D50}"
EndProject
Global
	GlobalSection(SolutionConfigurationPlatforms) = preSolution
		Debug|Any CPU = Debug|Any CPU
		Release|Any CPU = Release|Any CPU
	EndGlobalSection
	GlobalSection(ProjectConfigurationPlatforms) = postSolution
		{EC4F339F-6B1B-41BC-ADF0-09913C988D50}.Debug|Any CPU.ActiveCfg = Debug|Any CPU
		{EC4F339F-6B1B-41BC-ADF0-09913C988D50}.Debug|Any CPU.Build.0 = Debug|Any CPU
		{EC4F339F-6B1B-41BC-ADF0-09913C988D50}.Release|Any CPU.ActiveCfg = Release|Any CPU
		{EC4F339F-6B1B-41BC-ADF0-09913C988D50}.Release|Any CPU.Build.0 = Release|Any CPU
	EndGlobalSection
	GlobalSection(SolutionProperties) = preSolution
		HideSolutionNode = FALSE
	EndGlobalSection
	GlobalSection(ExtensibilityGlobals) = postSolution
		SolutionGuid = {C61222B0-7FDC-4BF9-990E-66B20DFA5A05}
	EndGlobalSection
EndGlobal
